
Microsoft Visual Studio Solution File, Format Version 12.00
# Visual Studio Version 17
VisualStudioVersion = 17.8.34525.116
MinimumVisualStudioVersion = 10.0.40219.1
Project("{FAE04EC0-301F-11D3-BF4B-00C04F79EFBC}") = "walk_in_portal_api", "walk_in_portal_api.csproj", "{7129D018-4931-457F-88BF-5E88B7E51AB1}"
EndProject
Global
	GlobalSection(SolutionConfigurationPlatforms) = preSolution
		Debug|Any CPU = Debug|Any CPU
		Release|Any CPU = Release|Any CPU
	EndGlobalSection
	GlobalSection(ProjectConfigurationPlatforms) = postSolution
		{7129D018-4931-457F-88BF-5E88B7E51AB1}.Debug|Any CPU.ActiveCfg = Debug|Any CPU
		{7129D018-4931-457F-88BF-5E88B7E51AB1}.Debug|Any CPU.Build.0 = Debug|Any CPU
		{7129D018-4931-457F-88BF-5E88B7E51AB1}.Release|Any CPU.ActiveCfg = Release|Any CPU
		{7129D018-4931-457F-88BF-5E88B7E51AB1}.Release|Any CPU.Build.0 = Release|Any CPU
	EndGlobalSection
	GlobalSection(SolutionProperties) = preSolution
		HideSolutionNode = FALSE
	EndGlobalSection
	GlobalSection(ExtensibilityGlobals) = postSolution
		SolutionGuid = {F189A393-3530-496D-A52A-ACC4A7464D95}
	EndGlobalSection
EndGlobal
